
Microsoft Visual Studio Solution File, Format Version 12.00
# Visual Studio Version 16
VisualStudioVersion = 16.0.31911.196
MinimumVisualStudioVersion = 10.0.40219.1
Project("{FAE04EC0-301F-11D3-BF4B-00C04F79EFBC}") = "MyFirstConsoleApp", "MyFirstConsoleApp\MyFirstConsoleApp.csproj", "{B4416255-96DB-45C2-B2B5-01B940388C5D}"
EndProject
Global
	GlobalSection(SolutionConfigurationPlatforms) = preSolution
		Debug|Any CPU = Debug|Any CPU
		Release|Any CPU = Release|Any CPU
	EndGlobalSection
	GlobalSection(ProjectConfigurationPlatforms) = postSolution
		{B4416255-96DB-45C2-B2B5-01B940388C5D}.Debug|Any CPU.ActiveCfg = Debug|Any CPU
		{B4416255-96DB-45C2-B2B5-01B940388C5D}.Debug|Any CPU.Build.0 = Debug|Any CPU
		{B4416255-96DB-45C2-B2B5-01B940388C5D}.Release|Any CPU.ActiveCfg = Release|Any CPU
		{B4416255-96DB-45C2-B2B5-01B940388C5D}.Release|Any CPU.Build.0 = Release|Any CPU
	EndGlobalSection
	GlobalSection(SolutionProperties) = preSolution
		HideSolutionNode = FALSE
	EndGlobalSection
	GlobalSection(ExtensibilityGlobals) = postSolution
		SolutionGuid = {E0EF76B4-6FA5-40B6-A2E6-50256F57574A}
	EndGlobalSection
EndGlobal
